
Microsoft Visual Studio Solution File, Format Version 12.00
# Visual Studio Version 16
VisualStudioVersion = 16.0.31613.86
MinimumVisualStudioVersion = 10.0.40219.1
Project("{9A19103F-16F7-4668-BE54-9A1E7A4F7556}") = "vanillaVoid", "vanillaVoid\vanillaVoid.csproj", "{45ED7D31-5F60-4798-B59A-539EFB0C23F4}"
EndProject
Project("{2150E333-8FDC-42A3-9474-1A3956D46DE8}") = "Solution Items", "Solution Items", "{4136B1AE-9E15-441B-8822-8EBA85ACD806}"
	ProjectSection(SolutionItems) = preProject
		.editorconfig = .editorconfig
	EndProjectSection
EndProject
Global
	GlobalSection(SolutionConfigurationPlatforms) = preSolution
		Debug|Any CPU = Debug|Any CPU
		Release|Any CPU = Release|Any CPU
	EndGlobalSection
	GlobalSection(ProjectConfigurationPlatforms) = postSolution
		{45ED7D31-5F60-4798-B59A-539EFB0C23F4}.Debug|Any CPU.ActiveCfg = Debug|Any CPU
		{45ED7D31-5F60-4798-B59A-539EFB0C23F4}.Debug|Any CPU.Build.0 = Debug|Any CPU
		{45ED7D31-5F60-4798-B59A-539EFB0C23F4}.Release|Any CPU.ActiveCfg = Release|Any CPU
		{45ED7D31-5F60-4798-B59A-539EFB0C23F4}.Release|Any CPU.Build.0 = Release|Any CPU
	EndGlobalSection
	GlobalSection(SolutionProperties) = preSolution
		HideSolutionNode = FALSE
	EndGlobalSection
	GlobalSection(ExtensibilityGlobals) = postSolution
		SolutionGuid = {C8961EF2-7923-41E4-86AC-125E5752E880}
	EndGlobalSection
EndGlobal
